
Microsoft Visual Studio Solution File, Format Version 12.00
# Visual Studio Version 16
VisualStudioVersion = 16.0.31729.503
MinimumVisualStudioVersion = 10.0.40219.1
Project("{FAE04EC0-301F-11D3-BF4B-00C04F79EFBC}") = "DyamoDB WinForm", "DyamoDB WinForm\DyamoDB WinForm.csproj", "{92B57492-B8CD-441A-A473-95A250CD361E}"
EndProject
Global
	GlobalSection(SolutionConfigurationPlatforms) = preSolution
		Debug|Any CPU = Debug|Any CPU
		Release|Any CPU = Release|Any CPU
	EndGlobalSection
	GlobalSection(ProjectConfigurationPlatforms) = postSolution
		{92B57492-B8CD-441A-A473-95A250CD361E}.Debug|Any CPU.ActiveCfg = Debug|Any CPU
		{92B57492-B8CD-441A-A473-95A250CD361E}.Debug|Any CPU.Build.0 = Debug|Any CPU
		{92B57492-B8CD-441A-A473-95A250CD361E}.Release|Any CPU.ActiveCfg = Release|Any CPU
		{92B57492-B8CD-441A-A473-95A250CD361E}.Release|Any CPU.Build.0 = Release|Any CPU
	EndGlobalSection
	GlobalSection(SolutionProperties) = preSolution
		HideSolutionNode = FALSE
	EndGlobalSection
	GlobalSection(ExtensibilityGlobals) = postSolution
		SolutionGuid = {DAE69F76-355F-4B6D-B3C9-824D4077CC34}
	EndGlobalSection
EndGlobal
